
Microsoft Visual Studio Solution File, Format Version 12.00
# Visual Studio Version 17
VisualStudioVersion = 17.14.37012.4 d17.14
MinimumVisualStudioVersion = 10.0.40219.1
Project("{FAE04EC0-301F-11D3-BF4B-00C04F79EFBC}") = "AP-clinical-system", "AP-clinical-system\AP-clinical-system.csproj", "{D0C52181-67ED-4197-8008-74A13B6DCCDF}"
EndProject
Global
	GlobalSection(SolutionConfigurationPlatforms) = preSolution
		Debug|Any CPU = Debug|Any CPU
		Release|Any CPU = Release|Any CPU
	EndGlobalSection
	GlobalSection(ProjectConfigurationPlatforms) = postSolution
		{D0C52181-67ED-4197-8008-74A13B6DCCDF}.Debug|Any CPU.ActiveCfg = Debug|Any CPU
		{D0C52181-67ED-4197-8008-74A13B6DCCDF}.Debug|Any CPU.Build.0 = Debug|Any CPU
		{D0C52181-67ED-4197-8008-74A13B6DCCDF}.Release|Any CPU.ActiveCfg = Release|Any CPU
		{D0C52181-67ED-4197-8008-74A13B6DCCDF}.Release|Any CPU.Build.0 = Release|Any CPU
	EndGlobalSection
	GlobalSection(SolutionProperties) = preSolution
		HideSolutionNode = FALSE
	EndGlobalSection
	GlobalSection(ExtensibilityGlobals) = postSolution
		SolutionGuid = {91C18397-41CD-4513-BDD5-11D5955AE5C0}
	EndGlobalSection
EndGlobal
